// !$*UTF8*$!
{
	archiveVersion = 1;
	classes = {
	};
	objectVersion = 46;
	objects = {

/* Begin PBXBuildFile section */
		976CC8901D1B832F00476D77 /* AppDelegate.swift in Sources */ = {isa = PBXBuildFile; fileRef = 976CC88F1D1B832F00476D77 /* AppDelegate.swift */; };
		976CC8921D1B832F00476D77 /* ViewController.swift in Sources */ = {isa = PBXBuildFile; fileRef = 976CC8911D1B832F00476D77 /* ViewController.swift */; };
		976CC8951D1B832F00476D77 /* Main.storyboard in Resources */ = {isa = PBXBuildFile; fileRef = 976CC8931D1B832F00476D77 /* Main.storyboard */; };
		976CC8971D1B832F00476D77 /* Assets.xcassets in Resources */ = {isa = PBXBuildFile; fileRef = 976CC8961D1B832F00476D77 /* Assets.xcassets */; };
		976CC89A1D1B832F00476D77 /* LaunchScreen.storyboard in Resources */ = {isa = PBXBuildFile; fileRef = 976CC8981D1B832F00476D77 /* LaunchScreen.storyboard */; };
		976CC8A51D1B832F00476D77 /* ReactSwiftTests.swift in Sources */ = {isa = PBXBuildFile; fileRef = 976CC8A41D1B832F00476D77 /* ReactSwiftTests.swift */; };
		976CC8B01D1B832F00476D77 /* ReactSwiftUITests.swift in Sources */ = {isa = PBXBuildFile; fileRef = 976CC8AF1D1B832F00476D77 /* ReactSwiftUITests.swift */; };
		97DD65CD1D22487900255F40 /* FooTest.s in Sources */ = {isa = PBXBuildFile; fileRef = 97DD65CC1D22487900255F40 /* FooTest.s */; };
/* End PBXBuildFile section */

/* Begin PBXContainerItemProxy section */
		976CC8A11D1B832F00476D77 /* PBXContainerItemProxy */ = {
			isa = PBXContainerItemProxy;
			containerPortal = 976CC8841D1B832F00476D77 /* Project object */;
			proxyType = 1;
			remoteGlobalIDString = 976CC88B1D1B832F00476D77;
			remoteInfo = ReactSwift;
		};
		976CC8AC1D1B832F00476D77 /* PBXContainerItemProxy */ = {
			isa = PBXContainerItemProxy;
			containerPortal = 976CC8841D1B832F00476D77 /* Project object */;
			proxyType = 1;
			remoteGlobalIDString = 976CC88B1D1B832F00476D77;
			remoteInfo = ReactSwift;
		};
/* End PBXContainerItemProxy section */

/* Begin PBXFileReference section */
		976CC88C1D1B832F00476D77 /* ReactSwift.app */ = {isa = PBXFileReference; explicitFileType = wrapper.application; includeInIndex = 0; path = ReactSwift.app; sourceTree = BUILT_PRODUCTS_DIR; };
		976CC88F1D1B832F00476D77 /* AppDelegate.swift */ = {isa = PBXFileReference; lastKnownFileType = sourcecode.swift; path = AppDelegate.swift; sourceTree = "<group>"; };
		976CC8911D1B832F00476D77 /* ViewController.swift */ = {isa = PBXFileReference; lastKnownFileType = sourcecode.swift; path = ViewController.swift; sourceTree = "<group>"; };
		976CC8941D1B832F00476D77 /* Base */ = {isa = PBXFileReference; lastKnownFileType = file.storyboard; name = Base; path = Base.lproj/Main.storyboard; sourceTree = "<group>"; };
		976CC8961D1B832F00476D77 /* Assets.xcassets */ = {isa = PBXFileReference; lastKnownFileType = folder.assetcatalog; path = Assets.xcassets; sourceTree = "<group>"; };
		976CC8991D1B832F00476D77 /* Base */ = {isa = PBXFileReference; lastKnownFileType = file.storyboard; name = Base; path = Base.lproj/LaunchScreen.storyboard; sourceTree = "<group>"; };
		976CC89B1D1B832F00476D77 /* Info.plist */ = {isa = PBXFileReference; lastKnownFileType = text.plist.xml; path = Info.plist; sourceTree = "<group>"; };
		976CC8A01D1B832F00476D77 /* ReactSwiftTests.xctest */ = {isa = PBXFileReference; explicitFileType = wrapper.cfbundle; includeInIndex = 0; path = ReactSwiftTests.xctest; sourceTree = BUILT_PRODUCTS_DIR; };
		976CC8A41D1B832F00476D77 /* ReactSwiftTests.swift */ = {isa = PBXFileReference; lastKnownFileType = sourcecode.swift; path = ReactSwiftTests.swift; sourceTree = "<group>"; };
		976CC8A61D1B832F00476D77 /* Info.plist */ = {isa = PBXFileReference; lastKnownFileType = text.plist.xml; path = Info.plist; sourceTree = "<group>"; };
		976CC8AB1D1B832F00476D77 /* ReactSwiftUITests.xctest */ = {isa = PBXFileReference; explicitFileType = wrapper.cfbundle; includeInIndex = 0; path = ReactSwiftUITests.xctest; sourceTree = BUILT_PRODUCTS_DIR; };
		976CC8AF1D1B832F00476D77 /* ReactSwiftUITests.swift */ = {isa = PBXFileReference; lastKnownFileType = sourcecode.swift; path = ReactSwiftUITests.swift; sourceTree = "<group>"; };
		976CC8B11D1B832F00476D77 /* Info.plist */ = {isa = PBXFileReference; lastKnownFileType = text.plist.xml; path = Info.plist; sourceTree = "<group>"; };
		97DD65CC1D22487900255F40 /* FooTest.s */ = {isa = PBXFileReference; fileEncoding = 4; lastKnownFileType = sourcecode.asm; path = FooTest.s; sourceTree = "<group>"; };
/* End PBXFileReference section */

/* Begin PBXFrameworksBuildPhase section */
		976CC8891D1B832F00476D77 /* Frameworks */ = {
			isa = PBXFrameworksBuildPhase;
			buildActionMask = 2147483647;
			files = (
			);
			runOnlyForDeploymentPostprocessing = 0;
		};
		976CC89D1D1B832F00476D77 /* Frameworks */ = {
			isa = PBXFrameworksBuildPhase;
			buildActionMask = 2147483647;
			files = (
			);
			runOnlyForDeploymentPostprocessing = 0;
		};
		976CC8A81D1B832F00476D77 /* Frameworks */ = {
			isa = PBXFrameworksBuildPhase;
			buildActionMask = 2147483647;
			files = (
			);
			runOnlyForDeploymentPostprocessing = 0;
		};
/* End PBXFrameworksBuildPhase section */

/* Begin PBXGroup section */
		976CC8831D1B832F00476D77 = {
			isa = PBXGroup;
			children = (
				976CC88E1D1B832F00476D77 /* ReactSwift */,
				976CC8A31D1B832F00476D77 /* ReactSwiftTests */,
				976CC8AE1D1B832F00476D77 /* ReactSwiftUITests */,
				976CC88D1D1B832F00476D77 /* Products */,
			);
			sourceTree = "<group>";
		};
		976CC88D1D1B832F00476D77 /* Products */ = {
			isa = PBXGroup;
			children = (
				976CC88C1D1B832F00476D77 /* ReactSwift.app */,
				976CC8A01D1B832F00476D77 /* ReactSwiftTests.xctest */,
				976CC8AB1D1B832F00476D77 /* ReactSwiftUITests.xctest */,
			);
			name = Products;
			sourceTree = "<group>";
		};
		976CC88E1D1B832F00476D77 /* ReactSwift */ = {
			isa = PBXGroup;
			children = (
				976CC88F1D1B832F00476D77 /* AppDelegate.swift */,
				976CC8911D1B832F00476D77 /* ViewController.swift */,
				97DD65CC1D22487900255F40 /* FooTest.s */,
				976CC8931D1B832F00476D77 /* Main.storyboard */,
				976CC8961D1B832F00476D77 /* Assets.xcassets */,
				976CC8981D1B832F00476D77 /* LaunchScreen.storyboard */,
				976CC89B1D1B832F00476D77 /* Info.plist */,
			);
			path = ReactSwift;
			sourceTree = "<group>";
		};
		976CC8A31D1B832F00476D77 /* ReactSwiftTests */ = {
			isa = PBXGroup;
			children = (
				976CC8A41D1B832F00476D77 /* ReactSwiftTests.swift */,
				976CC8A61D1B832F00476D77 /* Info.plist */,
			);
			path = ReactSwiftTests;
			sourceTree = "<group>";
		};
		976CC8AE1D1B832F00476D77 /* ReactSwiftUITests */ = {
			isa = PBXGroup;
			children = (
				976CC8AF1D1B832F00476D77 /* ReactSwiftUITests.swift */,
				976CC8B11D1B832F00476D77 /* Info.plist */,
			);
			path = ReactSwiftUITests;
			sourceTree = "<group>";
		};
/* End PBXGroup section */

/* Begin PBXNativeTarget section */
		976CC88B1D1B832F00476D77 /* ReactSwift */ = {
			isa = PBXNativeTarget;
			buildConfigurationList = 976CC8B41D1B832F00476D77 /* Build configuration list for PBXNativeTarget "ReactSwift" */;
			buildPhases = (
				976CC8881D1B832F00476D77 /* Sources */,
				976CC8891D1B832F00476D77 /* Frameworks */,
				976CC88A1D1B832F00476D77 /* Resources */,
			);
			buildRules = (
			);
			dependencies = (
			);
			name = ReactSwift;
			productName = ReactSwift;
			productReference = 976CC88C1D1B832F00476D77 /* ReactSwift.app */;
			productType = "com.apple.product-type.application";
		};
		976CC89F1D1B832F00476D77 /* ReactSwiftTests */ = {
			isa = PBXNativeTarget;
			buildConfigurationList = 976CC8B71D1B832F00476D77 /* Build configuration list for PBXNativeTarget "ReactSwiftTests" */;
			buildPhases = (
				976CC89C1D1B832F00476D77 /* Sources */,
				976CC89D1D1B832F00476D77 /* Frameworks */,
				976CC89E1D1B832F00476D77 /* Resources */,
			);
			buildRules = (
			);
			dependencies = (
				976CC8A21D1B832F00476D77 /* PBXTargetDependency */,
			);
			name = ReactSwiftTests;
			productName = ReactSwiftTests;
			productReference = 976CC8A01D1B832F00476D77 /* ReactSwiftTests.xctest */;
			productType = "com.apple.product-type.bundle.unit-test";
		};
		976CC8AA1D1B832F00476D77 /* ReactSwiftUITests */ = {
			isa = PBXNativeTarget;
			buildConfigurationList = 976CC8BA1D1B832F00476D77 /* Build configuration list for PBXNativeTarget "ReactSwiftUITests" */;
			buildPhases = (
				976CC8A71D1B832F00476D77 /* Sources */,
				976CC8A81D1B832F00476D77 /* Frameworks */,
				976CC8A91D1B832F00476D77 /* Resources */,
			);
			buildRules = (
			);
			dependencies = (
				976CC8AD1D1B832F00476D77 /* PBXTargetDependency */,
			);
			name = ReactSwiftUITests;
			productName = ReactSwiftUITests;
			productReference = 976CC8AB1D1B832F00476D77 /* ReactSwiftUITests.xctest */;
			productType = "com.apple.product-type.bundle.ui-testing";
		};
/* End PBXNativeTarget section */

/* Begin PBXProject section */
		976CC8841D1B832F00476D77 /* Project object */ = {
			isa = PBXProject;
			attributes = {
				LastSwiftUpdateCheck = 0730;
				LastUpgradeCheck = 0730;
				ORGANIZATIONNAME = August;
				TargetAttributes = {
					976CC88B1D1B832F00476D77 = {
						CreatedOnToolsVersion = 7.3.1;
					};
					976CC89F1D1B832F00476D77 = {
						CreatedOnToolsVersion = 7.3.1;
						TestTargetID = 976CC88B1D1B832F00476D77;
					};
					976CC8AA1D1B832F00476D77 = {
						CreatedOnToolsVersion = 7.3.1;
						TestTargetID = 976CC88B1D1B832F00476D77;
					};
				};
			};
			buildConfigurationList = 976CC8871D1B832F00476D77 /* Build configuration list for PBXProject "ReactSwift" */;
			compatibilityVersion = "Xcode 3.2";
			developmentRegion = English;
			hasScannedForEncodings = 0;
			knownRegions = (
				en,
				Base,
			);
			mainGroup = 976CC8831D1B832F00476D77;
			productRefGroup = 976CC88D1D1B832F00476D77 /* Products */;
			projectDirPath = "";
			projectRoot = "";
			targets = (
				976CC88B1D1B832F00476D77 /* ReactSwift */,
				976CC89F1D1B832F00476D77 /* ReactSwiftTests */,
				976CC8AA1D1B832F00476D77 /* ReactSwiftUITests */,
			);
		};
/* End PBXProject section */

/* Begin PBXResourcesBuildPhase section */
		976CC88A1D1B832F00476D77 /* Resources */ = {
			isa = PBXResourcesBuildPhase;
			buildActionMask = 2147483647;
			files = (
				976CC89A1D1B832F00476D77 /* LaunchScreen.storyboard in Resources */,
				976CC8971D1B832F00476D77 /* Assets.xcassets in Resources */,
				976CC8951D1B832F00476D77 /* Main.storyboard in Resources */,
			);
			runOnlyForDeploymentPostprocessing = 0;
		};
		976CC89E1D1B832F00476D77 /* Resources */ = {
			isa = PBXResourcesBuildPhase;
			buildActionMask = 2147483647;
			files = (
			);
			runOnlyForDeploymentPostprocessing = 0;
		};
		976CC8A91D1B832F00476D77 /* Resources */ = {
			isa = PBXResourcesBuildPhase;
			buildActionMask = 2147483647;
			files = (
			);
			runOnlyForDeploymentPostprocessing = 0;
		};
/* End PBXResourcesBuildPhase section */

/* Begin PBXSourcesBuildPhase section */
		976CC8881D1B832F00476D77 /* Sources */ = {
			isa = PBXSourcesBuildPhase;
			buildActionMask = 2147483647;
			files = (
				976CC8921D1B832F00476D77 /* ViewController.swift in Sources */,
				97DD65CD1D22487900255F40 /* FooTest.s in Sources */,
				976CC8901D1B832F00476D77 /* AppDelegate.swift in Sources */,
			);
			runOnlyForDeploymentPostprocessing = 0;
		};
		976CC89C1D1B832F00476D77 /* Sources */ = {
			isa = PBXSourcesBuildPhase;
			buildActionMask = 2147483647;
			files = (
				976CC8A51D1B832F00476D77 /* ReactSwiftTests.swift in Sources */,
			);
			runOnlyForDeploymentPostprocessing = 0;
		};
		976CC8A71D1B832F00476D77 /* Sources */ = {
			isa = PBXSourcesBuildPhase;
			buildActionMask = 2147483647;
			files = (
				976CC8B01D1B832F00476D77 /* ReactSwiftUITests.swift in Sources */,
			);
			runOnlyForDeploymentPostprocessing = 0;
		};
/* End PBXSourcesBuildPhase section */

/* Begin PBXTargetDependency section */
		976CC8A21D1B832F00476D77 /* PBXTargetDependency */ = {
			isa = PBXTargetDependency;
			target = 976CC88B1D1B832F00476D77 /* ReactSwift */;
			targetProxy = 976CC8A11D1B832F00476D77 /* PBXContainerItemProxy */;
		};
		976CC8AD1D1B832F00476D77 /* PBXTargetDependency */ = {
			isa = PBXTargetDependency;
			target = 976CC88B1D1B832F00476D77 /* ReactSwift */;
			targetProxy = 976CC8AC1D1B832F00476D77 /* PBXContainerItemProxy */;
		};
/* End PBXTargetDependency section */

/* Begin PBXVariantGroup section */
		976CC8931D1B832F00476D77 /* Main.storyboard */ = {
			isa = PBXVariantGroup;
			children = (
				976CC8941D1B832F00476D77 /* Base */,
			);
			name = Main.storyboard;
			sourceTree = "<group>";
		};
		976CC8981D1B832F00476D77 /* LaunchScreen.storyboard */ = {
			isa = PBXVariantGroup;
			children = (
				976CC8991D1B832F00476D77 /* Base */,
			);
			name = LaunchScreen.storyboard;
			sourceTree = "<group>";
		};
/* End PBXVariantGroup section */

/* Begin XCBuildConfiguration section */
		976CC8B21D1B832F00476D77 /* Debug */ = {
			isa = XCBuildConfiguration;
			buildSettings = {
				ALWAYS_SEARCH_USER_PATHS = NO;
				CLANG_ANALYZER_NONNULL = YES;
				CLANG_CXX_LANGUAGE_STANDARD = "gnu++0x";
				CLANG_CXX_LIBRARY = "libc++";
				CLANG_ENABLE_MODULES = YES;
				CLANG_ENABLE_OBJC_ARC = YES;
				CLANG_WARN_BOOL_CONVERSION = YES;
				CLANG_WARN_CONSTANT_CONVERSION = YES;
				CLANG_WARN_DIRECT_OBJC_ISA_USAGE = YES_ERROR;
				CLANG_WARN_EMPTY_BODY = YES;
				CLANG_WARN_ENUM_CONVERSION = YES;
				CLANG_WARN_INT_CONVERSION = YES;
				CLANG_WARN_OBJC_ROOT_CLASS = YES_ERROR;
				CLANG_WARN_UNREACHABLE_CODE = YES;
				CLANG_WARN__DUPLICATE_METHOD_MATCH = YES;
				"CODE_SIGN_IDENTITY[sdk=iphoneos*]" = "iPhone Developer";
				COPY_PHASE_STRIP = NO;
				DEBUG_INFORMATION_FORMAT = dwarf;
				ENABLE_STRICT_OBJC_MSGSEND = YES;
				ENABLE_TESTABILITY = YES;
				GCC_C_LANGUAGE_STANDARD = gnu99;
				GCC_DYNAMIC_NO_PIC = NO;
				GCC_NO_COMMON_BLOCKS = YES;
				GCC_OPTIMIZATION_LEVEL = 0;
				GCC_PREPROCESSOR_DEFINITIONS = (
					"DEBUG=1",
					"$(inherited)",
				);
				GCC_WARN_64_TO_32_BIT_CONVERSION = YES;
				GCC_WARN_ABOUT_RETURN_TYPE = YES_ERROR;
				GCC_WARN_UNDECLARED_SELECTOR = YES;
				GCC_WARN_UNINITIALIZED_AUTOS = YES_AGGRESSIVE;
				GCC_WARN_UNUSED_FUNCTION = YES;
				GCC_WARN_UNUSED_VARIABLE = YES;
				IPHONEOS_DEPLOYMENT_TARGET = 9.3;
				MTL_ENABLE_DEBUG_INFO = YES;
				ONLY_ACTIVE_ARCH = YES;
				SDKROOT = iphoneos;
				SWIFT_OPTIMIZATION_LEVEL = "-Onone";
				TARGETED_DEVICE_FAMILY = "1,2";
			};
			name = Debug;
		};
		976CC8B31D1B832F00476D77 /* Release */ = {
			isa = XCBuildConfiguration;
			buildSettings = {
				ALWAYS_SEARCH_USER_PATHS = NO;
				CLANG_ANALYZER_NONNULL = YES;
				CLANG_CXX_LANGUAGE_STANDARD = "gnu++0x";
				CLANG_CXX_LIBRARY = "libc++";
				CLANG_ENABLE_MODULES = YES;
				CLANG_ENABLE_OBJC_ARC = YES;
				CLANG_WARN_BOOL_CONVERSION = YES;
				CLANG_WARN_CONSTANT_CONVERSION = YES;
				CLANG_WARN_DIRECT_OBJC_ISA_USAGE = YES_ERROR;
				CLANG_WARN_EMPTY_BODY = YES;
				CLANG_WARN_ENUM_CONVERSION = YES;
				CLANG_WARN_INT_CONVERSION = YES;
				CLANG_WARN_OBJC_ROOT_CLASS = YES_ERROR;
				CLANG_WARN_UNREACHABLE_CODE = YES;
				CLANG_WARN__DUPLICATE_METHOD_MATCH = YES;
				"CODE_SIGN_IDENTITY[sdk=iphoneos*]" = "iPhone Developer";
				COPY_PHASE_STRIP = NO;
				DEBUG_INFORMATION_FORMAT = "dwarf-with-dsym";
				ENABLE_NS_ASSERTIONS = NO;
				ENABLE_STRICT_OBJC_MSGSEND = YES;
				GCC_C_LANGUAGE_STANDARD = gnu99;
				GCC_NO_COMMON_BLOCKS = YES;
				GCC_WARN_64_TO_32_BIT_CONVERSION = YES;
				GCC_WARN_ABOUT_RETURN_TYPE = YES_ERROR;
				GCC_WARN_UNDECLARED_SELECTOR = YES;
				GCC_WARN_UNINITIALIZED_AUTOS = YES_AGGRESSIVE;
				GCC_WARN_UNUSED_FUNCTION = YES;
				GCC_WARN_UNUSED_VARIABLE = YES;
				IPHONEOS_DEPLOYMENT_TARGET = 9.3;
				MTL_ENABLE_DEBUG_INFO = NO;
				SDKROOT = iphoneos;
				TARGETED_DEVICE_FAMILY = "1,2";
				VALIDATE_PRODUCT = YES;
			};
			name = Release;
		};
		976CC8B51D1B832F00476D77 /* Debug */ = {
			isa = XCBuildConfiguration;
			buildSettings = {
				ASSETCATALOG_COMPILER_APPICON_NAME = AppIcon;
				INFOPLIST_FILE = ReactSwift/Info.plist;
				LD_RUNPATH_SEARCH_PATHS = "$(inherited) @executable_path/Frameworks";
				PRODUCT_BUNDLE_IDENTIFIER = AR.ReactSwift;
				PRODUCT_NAME = "$(TARGET_NAME)";
			};
			name = Debug;
		};
		976CC8B61D1B832F00476D77 /* Release */ = {
			isa = XCBuildConfiguration;
			buildSettings = {
				ASSETCATALOG_COMPILER_APPICON_NAME = AppIcon;
				INFOPLIST_FILE = ReactSwift/Info.plist;
				LD_RUNPATH_SEARCH_PATHS = "$(inherited) @executable_path/Frameworks";
				PRODUCT_BUNDLE_IDENTIFIER = AR.ReactSwift;
				PRODUCT_NAME = "$(TARGET_NAME)";
			};
			name = Release;
		};
		976CC8B81D1B832F00476D77 /* Debug */ = {
			isa = XCBuildConfiguration;
			buildSettings = {
				BUNDLE_LOADER = "$(TEST_HOST)";
				INFOPLIST_FILE = ReactSwiftTests/Info.plist;
				LD_RUNPATH_SEARCH_PATHS = "$(inherited) @executable_path/Frameworks @loader_path/Frameworks";
				PRODUCT_BUNDLE_IDENTIFIER = AR.ReactSwiftTests;
				PRODUCT_NAME = "$(TARGET_NAME)";
				TEST_HOST = "$(BUILT_PRODUCTS_DIR)/ReactSwift.app/ReactSwift";
			};
			name = Debug;
		};
		976CC8B91D1B832F00476D77 /* Release */ = {
			isa = XCBuildConfiguration;
			buildSettings = {
				BUNDLE_LOADER = "$(TEST_HOST)";
				INFOPLIST_FILE = ReactSwiftTests/Info.plist;
				LD_RUNPATH_SEARCH_PATHS = "$(inherited) @executable_path/Frameworks @loader_path/Frameworks";
				PRODUCT_BUNDLE_IDENTIFIER = AR.ReactSwiftTests;
				PRODUCT_NAME = "$(TARGET_NAME)";
				TEST_HOST = "$(BUILT_PRODUCTS_DIR)/ReactSwift.app/ReactSwift";
			};
			name = Release;
		};
		976CC8BB1D1B832F00476D77 /* Debug */ = {
			isa = XCBuildConfiguration;
			buildSettings = {
				INFOPLIST_FILE = ReactSwiftUITests/Info.plist;
				LD_RUNPATH_SEARCH_PATHS = "$(inherited) @executable_path/Frameworks @loader_path/Frameworks";
				PRODUCT_BUNDLE_IDENTIFIER = AR.ReactSwiftUITests;
				PRODUCT_NAME = "$(TARGET_NAME)";
				TEST_TARGET_NAME = ReactSwift;
			};
			name = Debug;
		};
		976CC8BC1D1B832F00476D77 /* Release */ = {
			isa = XCBuildConfiguration;
			buildSettings = {
				INFOPLIST_FILE = ReactSwiftUITests/Info.plist;
				LD_RUNPATH_SEARCH_PATHS = "$(inherited) @executable_path/Frameworks @loader_path/Frameworks";
				PRODUCT_BUNDLE_IDENTIFIER = AR.ReactSwiftUITests;
				PRODUCT_NAME = "$(TARGET_NAME)";
				TEST_TARGET_NAME = ReactSwift;
			};
			name = Release;
		};
/* End XCBuildConfiguration section */

/* Begin XCConfigurationList section */
		976CC8871D1B832F00476D77 /* Build configuration list for PBXProject "ReactSwift" */ = {
			isa = XCConfigurationList;
			buildConfigurations = (
				976CC8B21D1B832F00476D77 /* Debug */,
				976CC8B31D1B832F00476D77 /* Release */,
			);
			defaultConfigurationIsVisible = 0;
			defaultConfigurationName = Release;
		};
		976CC8B41D1B832F00476D77 /* Build configuration list for PBXNativeTarget "ReactSwift" */ = {
			isa = XCConfigurationList;
			buildConfigurations = (
				976CC8B51D1B832F00476D77 /* Debug */,
				976CC8B61D1B832F00476D77 /* Release */,
			);
			defaultConfigurationIsVisible = 0;
			defaultConfigurationName = Release;
		};
		976CC8B71D1B832F00476D77 /* Build configuration list for PBXNativeTarget "ReactSwiftTests" */ = {
			isa = XCConfigurationList;
			buildConfigurations = (
				976CC8B81D1B832F00476D77 /* Debug */,
				976CC8B91D1B832F00476D77 /* Release */,
			);
			defaultConfigurationIsVisible = 0;
			defaultConfigurationName = Release;
		};
		976CC8BA1D1B832F00476D77 /* Build configuration list for PBXNativeTarget "ReactSwiftUITests" */ = {
			isa = XCConfigurationList;
			buildConfigurations = (
				976CC8BB1D1B832F00476D77 /* Debug */,
				976CC8BC1D1B832F00476D77 /* Release */,
			);
			defaultConfigurationIsVisible = 0;
			defaultConfigurationName = Release;
		};
/* End XCConfigurationList section */
	};
	rootObject = 976CC8841D1B832F00476D77 /* Project object */;
}
