// !$*UTF8*$!
{
	archiveVersion = 1;
	classes = {
	};
	objectVersion = 46;
	objects = {

/* Begin PBXBuildFile section */
		97C84EF41CC0EBC2000BFB2B /* AppDelegate.swift in Sources */ = {isa = PBXBuildFile; fileRef = 97C84EF31CC0EBC2000BFB2B /* AppDelegate.swift */; };
		97C84EF61CC0EBC2000BFB2B /* ViewController.swift in Sources */ = {isa = PBXBuildFile; fileRef = 97C84EF51CC0EBC2000BFB2B /* ViewController.swift */; };
		97C84EF91CC0EBC2000BFB2B /* Main.storyboard in Resources */ = {isa = PBXBuildFile; fileRef = 97C84EF71CC0EBC2000BFB2B /* Main.storyboard */; };
		97C84EFB1CC0EBC2000BFB2B /* Assets.xcassets in Resources */ = {isa = PBXBuildFile; fileRef = 97C84EFA1CC0EBC2000BFB2B /* Assets.xcassets */; };
		97C84EFE1CC0EBC2000BFB2B /* LaunchScreen.storyboard in Resources */ = {isa = PBXBuildFile; fileRef = 97C84EFC1CC0EBC2000BFB2B /* LaunchScreen.storyboard */; };
		97C84F091CC0EBC2000BFB2B /* SwiftPracticeDemoTests.swift in Sources */ = {isa = PBXBuildFile; fileRef = 97C84F081CC0EBC2000BFB2B /* SwiftPracticeDemoTests.swift */; };
		97C84F141CC0EBC2000BFB2B /* SwiftPracticeDemoUITests.swift in Sources */ = {isa = PBXBuildFile; fileRef = 97C84F131CC0EBC2000BFB2B /* SwiftPracticeDemoUITests.swift */; };
		97C84F231CC0EDBF000BFB2B /* Animatable.swift in Sources */ = {isa = PBXBuildFile; fileRef = 97C84F221CC0EDBF000BFB2B /* Animatable.swift */; };
		97C84F251CC0EEE7000BFB2B /* Animation.swift in Sources */ = {isa = PBXBuildFile; fileRef = 97C84F241CC0EEE7000BFB2B /* Animation.swift */; };
/* End PBXBuildFile section */

/* Begin PBXContainerItemProxy section */
		97C84F051CC0EBC2000BFB2B /* PBXContainerItemProxy */ = {
			isa = PBXContainerItemProxy;
			containerPortal = 97C84EE81CC0EBC2000BFB2B /* Project object */;
			proxyType = 1;
			remoteGlobalIDString = 97C84EEF1CC0EBC2000BFB2B;
			remoteInfo = SwiftPracticeDemo;
		};
		97C84F101CC0EBC2000BFB2B /* PBXContainerItemProxy */ = {
			isa = PBXContainerItemProxy;
			containerPortal = 97C84EE81CC0EBC2000BFB2B /* Project object */;
			proxyType = 1;
			remoteGlobalIDString = 97C84EEF1CC0EBC2000BFB2B;
			remoteInfo = SwiftPracticeDemo;
		};
/* End PBXContainerItemProxy section */

/* Begin PBXFileReference section */
		97C1E0051CCF8D79001E95D9 /* MyPlayground.playground */ = {isa = PBXFileReference; lastKnownFileType = file.playground; path = MyPlayground.playground; sourceTree = "<group>"; };
		97C84EF01CC0EBC2000BFB2B /* SwiftPracticeDemo.app */ = {isa = PBXFileReference; explicitFileType = wrapper.application; includeInIndex = 0; path = SwiftPracticeDemo.app; sourceTree = BUILT_PRODUCTS_DIR; };
		97C84EF31CC0EBC2000BFB2B /* AppDelegate.swift */ = {isa = PBXFileReference; lastKnownFileType = sourcecode.swift; path = AppDelegate.swift; sourceTree = "<group>"; };
		97C84EF51CC0EBC2000BFB2B /* ViewController.swift */ = {isa = PBXFileReference; lastKnownFileType = sourcecode.swift; path = ViewController.swift; sourceTree = "<group>"; };
		97C84EF81CC0EBC2000BFB2B /* Base */ = {isa = PBXFileReference; lastKnownFileType = file.storyboard; name = Base; path = Base.lproj/Main.storyboard; sourceTree = "<group>"; };
		97C84EFA1CC0EBC2000BFB2B /* Assets.xcassets */ = {isa = PBXFileReference; lastKnownFileType = folder.assetcatalog; path = Assets.xcassets; sourceTree = "<group>"; };
		97C84EFD1CC0EBC2000BFB2B /* Base */ = {isa = PBXFileReference; lastKnownFileType = file.storyboard; name = Base; path = Base.lproj/LaunchScreen.storyboard; sourceTree = "<group>"; };
		97C84EFF1CC0EBC2000BFB2B /* Info.plist */ = {isa = PBXFileReference; lastKnownFileType = text.plist.xml; path = Info.plist; sourceTree = "<group>"; };
		97C84F041CC0EBC2000BFB2B /* SwiftPracticeDemoTests.xctest */ = {isa = PBXFileReference; explicitFileType = wrapper.cfbundle; includeInIndex = 0; path = SwiftPracticeDemoTests.xctest; sourceTree = BUILT_PRODUCTS_DIR; };
		97C84F081CC0EBC2000BFB2B /* SwiftPracticeDemoTests.swift */ = {isa = PBXFileReference; lastKnownFileType = sourcecode.swift; path = SwiftPracticeDemoTests.swift; sourceTree = "<group>"; };
		97C84F0A1CC0EBC2000BFB2B /* Info.plist */ = {isa = PBXFileReference; lastKnownFileType = text.plist.xml; path = Info.plist; sourceTree = "<group>"; };
		97C84F0F1CC0EBC2000BFB2B /* SwiftPracticeDemoUITests.xctest */ = {isa = PBXFileReference; explicitFileType = wrapper.cfbundle; includeInIndex = 0; path = SwiftPracticeDemoUITests.xctest; sourceTree = BUILT_PRODUCTS_DIR; };
		97C84F131CC0EBC2000BFB2B /* SwiftPracticeDemoUITests.swift */ = {isa = PBXFileReference; lastKnownFileType = sourcecode.swift; path = SwiftPracticeDemoUITests.swift; sourceTree = "<group>"; };
		97C84F151CC0EBC2000BFB2B /* Info.plist */ = {isa = PBXFileReference; lastKnownFileType = text.plist.xml; path = Info.plist; sourceTree = "<group>"; };
		97C84F221CC0EDBF000BFB2B /* Animatable.swift */ = {isa = PBXFileReference; fileEncoding = 4; lastKnownFileType = sourcecode.swift; path = Animatable.swift; sourceTree = "<group>"; };
		97C84F241CC0EEE7000BFB2B /* Animation.swift */ = {isa = PBXFileReference; fileEncoding = 4; lastKnownFileType = sourcecode.swift; path = Animation.swift; sourceTree = "<group>"; };
/* End PBXFileReference section */

/* Begin PBXFrameworksBuildPhase section */
		97C84EED1CC0EBC2000BFB2B /* Frameworks */ = {
			isa = PBXFrameworksBuildPhase;
			buildActionMask = 2147483647;
			files = (
			);
			runOnlyForDeploymentPostprocessing = 0;
		};
		97C84F011CC0EBC2000BFB2B /* Frameworks */ = {
			isa = PBXFrameworksBuildPhase;
			buildActionMask = 2147483647;
			files = (
			);
			runOnlyForDeploymentPostprocessing = 0;
		};
		97C84F0C1CC0EBC2000BFB2B /* Frameworks */ = {
			isa = PBXFrameworksBuildPhase;
			buildActionMask = 2147483647;
			files = (
			);
			runOnlyForDeploymentPostprocessing = 0;
		};
/* End PBXFrameworksBuildPhase section */

/* Begin PBXGroup section */
		97C84EE71CC0EBC2000BFB2B = {
			isa = PBXGroup;
			children = (
				97C84EF21CC0EBC2000BFB2B /* SwiftPracticeDemo */,
				97C84F071CC0EBC2000BFB2B /* SwiftPracticeDemoTests */,
				97C84F121CC0EBC2000BFB2B /* SwiftPracticeDemoUITests */,
				97C84EF11CC0EBC2000BFB2B /* Products */,
			);
			sourceTree = "<group>";
		};
		97C84EF11CC0EBC2000BFB2B /* Products */ = {
			isa = PBXGroup;
			children = (
				97C84EF01CC0EBC2000BFB2B /* SwiftPracticeDemo.app */,
				97C84F041CC0EBC2000BFB2B /* SwiftPracticeDemoTests.xctest */,
				97C84F0F1CC0EBC2000BFB2B /* SwiftPracticeDemoUITests.xctest */,
			);
			name = Products;
			sourceTree = "<group>";
		};
		97C84EF21CC0EBC2000BFB2B /* SwiftPracticeDemo */ = {
			isa = PBXGroup;
			children = (
				97C84F211CC0EBD7000BFB2B /* Source */,
				97C84EF31CC0EBC2000BFB2B /* AppDelegate.swift */,
				97C84EF51CC0EBC2000BFB2B /* ViewController.swift */,
				97C1E0051CCF8D79001E95D9 /* MyPlayground.playground */,
				97C84EF71CC0EBC2000BFB2B /* Main.storyboard */,
				97C84EFA1CC0EBC2000BFB2B /* Assets.xcassets */,
				97C84EFC1CC0EBC2000BFB2B /* LaunchScreen.storyboard */,
				97C84EFF1CC0EBC2000BFB2B /* Info.plist */,
			);
			path = SwiftPracticeDemo;
			sourceTree = "<group>";
		};
		97C84F071CC0EBC2000BFB2B /* SwiftPracticeDemoTests */ = {
			isa = PBXGroup;
			children = (
				97C84F081CC0EBC2000BFB2B /* SwiftPracticeDemoTests.swift */,
				97C84F0A1CC0EBC2000BFB2B /* Info.plist */,
			);
			path = SwiftPracticeDemoTests;
			sourceTree = "<group>";
		};
		97C84F121CC0EBC2000BFB2B /* SwiftPracticeDemoUITests */ = {
			isa = PBXGroup;
			children = (
				97C84F131CC0EBC2000BFB2B /* SwiftPracticeDemoUITests.swift */,
				97C84F151CC0EBC2000BFB2B /* Info.plist */,
			);
			path = SwiftPracticeDemoUITests;
			sourceTree = "<group>";
		};
		97C84F211CC0EBD7000BFB2B /* Source */ = {
			isa = PBXGroup;
			children = (
				97C84F221CC0EDBF000BFB2B /* Animatable.swift */,
				97C84F241CC0EEE7000BFB2B /* Animation.swift */,
			);
			name = Source;
			sourceTree = "<group>";
		};
/* End PBXGroup section */

/* Begin PBXNativeTarget section */
		97C84EEF1CC0EBC2000BFB2B /* SwiftPracticeDemo */ = {
			isa = PBXNativeTarget;
			buildConfigurationList = 97C84F181CC0EBC2000BFB2B /* Build configuration list for PBXNativeTarget "SwiftPracticeDemo" */;
			buildPhases = (
				97C84EEC1CC0EBC2000BFB2B /* Sources */,
				97C84EED1CC0EBC2000BFB2B /* Frameworks */,
				97C84EEE1CC0EBC2000BFB2B /* Resources */,
			);
			buildRules = (
			);
			dependencies = (
			);
			name = SwiftPracticeDemo;
			productName = SwiftPracticeDemo;
			productReference = 97C84EF01CC0EBC2000BFB2B /* SwiftPracticeDemo.app */;
			productType = "com.apple.product-type.application";
		};
		97C84F031CC0EBC2000BFB2B /* SwiftPracticeDemoTests */ = {
			isa = PBXNativeTarget;
			buildConfigurationList = 97C84F1B1CC0EBC2000BFB2B /* Build configuration list for PBXNativeTarget "SwiftPracticeDemoTests" */;
			buildPhases = (
				97C84F001CC0EBC2000BFB2B /* Sources */,
				97C84F011CC0EBC2000BFB2B /* Frameworks */,
				97C84F021CC0EBC2000BFB2B /* Resources */,
			);
			buildRules = (
			);
			dependencies = (
				97C84F061CC0EBC2000BFB2B /* PBXTargetDependency */,
			);
			name = SwiftPracticeDemoTests;
			productName = SwiftPracticeDemoTests;
			productReference = 97C84F041CC0EBC2000BFB2B /* SwiftPracticeDemoTests.xctest */;
			productType = "com.apple.product-type.bundle.unit-test";
		};
		97C84F0E1CC0EBC2000BFB2B /* SwiftPracticeDemoUITests */ = {
			isa = PBXNativeTarget;
			buildConfigurationList = 97C84F1E1CC0EBC2000BFB2B /* Build configuration list for PBXNativeTarget "SwiftPracticeDemoUITests" */;
			buildPhases = (
				97C84F0B1CC0EBC2000BFB2B /* Sources */,
				97C84F0C1CC0EBC2000BFB2B /* Frameworks */,
				97C84F0D1CC0EBC2000BFB2B /* Resources */,
			);
			buildRules = (
			);
			dependencies = (
				97C84F111CC0EBC2000BFB2B /* PBXTargetDependency */,
			);
			name = SwiftPracticeDemoUITests;
			productName = SwiftPracticeDemoUITests;
			productReference = 97C84F0F1CC0EBC2000BFB2B /* SwiftPracticeDemoUITests.xctest */;
			productType = "com.apple.product-type.bundle.ui-testing";
		};
/* End PBXNativeTarget section */

/* Begin PBXProject section */
		97C84EE81CC0EBC2000BFB2B /* Project object */ = {
			isa = PBXProject;
			attributes = {
				LastSwiftUpdateCheck = 0730;
				LastUpgradeCheck = 0730;
				ORGANIZATIONNAME = August;
				TargetAttributes = {
					97C84EEF1CC0EBC2000BFB2B = {
						CreatedOnToolsVersion = 7.3;
					};
					97C84F031CC0EBC2000BFB2B = {
						CreatedOnToolsVersion = 7.3;
						TestTargetID = 97C84EEF1CC0EBC2000BFB2B;
					};
					97C84F0E1CC0EBC2000BFB2B = {
						CreatedOnToolsVersion = 7.3;
						TestTargetID = 97C84EEF1CC0EBC2000BFB2B;
					};
				};
			};
			buildConfigurationList = 97C84EEB1CC0EBC2000BFB2B /* Build configuration list for PBXProject "SwiftPracticeDemo" */;
			compatibilityVersion = "Xcode 3.2";
			developmentRegion = English;
			hasScannedForEncodings = 0;
			knownRegions = (
				en,
				Base,
			);
			mainGroup = 97C84EE71CC0EBC2000BFB2B;
			productRefGroup = 97C84EF11CC0EBC2000BFB2B /* Products */;
			projectDirPath = "";
			projectRoot = "";
			targets = (
				97C84EEF1CC0EBC2000BFB2B /* SwiftPracticeDemo */,
				97C84F031CC0EBC2000BFB2B /* SwiftPracticeDemoTests */,
				97C84F0E1CC0EBC2000BFB2B /* SwiftPracticeDemoUITests */,
			);
		};
/* End PBXProject section */

/* Begin PBXResourcesBuildPhase section */
		97C84EEE1CC0EBC2000BFB2B /* Resources */ = {
			isa = PBXResourcesBuildPhase;
			buildActionMask = 2147483647;
			files = (
				97C84EFE1CC0EBC2000BFB2B /* LaunchScreen.storyboard in Resources */,
				97C84EFB1CC0EBC2000BFB2B /* Assets.xcassets in Resources */,
				97C84EF91CC0EBC2000BFB2B /* Main.storyboard in Resources */,
			);
			runOnlyForDeploymentPostprocessing = 0;
		};
		97C84F021CC0EBC2000BFB2B /* Resources */ = {
			isa = PBXResourcesBuildPhase;
			buildActionMask = 2147483647;
			files = (
			);
			runOnlyForDeploymentPostprocessing = 0;
		};
		97C84F0D1CC0EBC2000BFB2B /* Resources */ = {
			isa = PBXResourcesBuildPhase;
			buildActionMask = 2147483647;
			files = (
			);
			runOnlyForDeploymentPostprocessing = 0;
		};
/* End PBXResourcesBuildPhase section */

/* Begin PBXSourcesBuildPhase section */
		97C84EEC1CC0EBC2000BFB2B /* Sources */ = {
			isa = PBXSourcesBuildPhase;
			buildActionMask = 2147483647;
			files = (
				97C84EF61CC0EBC2000BFB2B /* ViewController.swift in Sources */,
				97C84F231CC0EDBF000BFB2B /* Animatable.swift in Sources */,
				97C84F251CC0EEE7000BFB2B /* Animation.swift in Sources */,
				97C84EF41CC0EBC2000BFB2B /* AppDelegate.swift in Sources */,
			);
			runOnlyForDeploymentPostprocessing = 0;
		};
		97C84F001CC0EBC2000BFB2B /* Sources */ = {
			isa = PBXSourcesBuildPhase;
			buildActionMask = 2147483647;
			files = (
				97C84F091CC0EBC2000BFB2B /* SwiftPracticeDemoTests.swift in Sources */,
			);
			runOnlyForDeploymentPostprocessing = 0;
		};
		97C84F0B1CC0EBC2000BFB2B /* Sources */ = {
			isa = PBXSourcesBuildPhase;
			buildActionMask = 2147483647;
			files = (
				97C84F141CC0EBC2000BFB2B /* SwiftPracticeDemoUITests.swift in Sources */,
			);
			runOnlyForDeploymentPostprocessing = 0;
		};
/* End PBXSourcesBuildPhase section */

/* Begin PBXTargetDependency section */
		97C84F061CC0EBC2000BFB2B /* PBXTargetDependency */ = {
			isa = PBXTargetDependency;
			target = 97C84EEF1CC0EBC2000BFB2B /* SwiftPracticeDemo */;
			targetProxy = 97C84F051CC0EBC2000BFB2B /* PBXContainerItemProxy */;
		};
		97C84F111CC0EBC2000BFB2B /* PBXTargetDependency */ = {
			isa = PBXTargetDependency;
			target = 97C84EEF1CC0EBC2000BFB2B /* SwiftPracticeDemo */;
			targetProxy = 97C84F101CC0EBC2000BFB2B /* PBXContainerItemProxy */;
		};
/* End PBXTargetDependency section */

/* Begin PBXVariantGroup section */
		97C84EF71CC0EBC2000BFB2B /* Main.storyboard */ = {
			isa = PBXVariantGroup;
			children = (
				97C84EF81CC0EBC2000BFB2B /* Base */,
			);
			name = Main.storyboard;
			sourceTree = "<group>";
		};
		97C84EFC1CC0EBC2000BFB2B /* LaunchScreen.storyboard */ = {
			isa = PBXVariantGroup;
			children = (
				97C84EFD1CC0EBC2000BFB2B /* Base */,
			);
			name = LaunchScreen.storyboard;
			sourceTree = "<group>";
		};
/* End PBXVariantGroup section */

/* Begin XCBuildConfiguration section */
		97C84F161CC0EBC2000BFB2B /* Debug */ = {
			isa = XCBuildConfiguration;
			buildSettings = {
				ALWAYS_SEARCH_USER_PATHS = NO;
				CLANG_ANALYZER_NONNULL = YES;
				CLANG_CXX_LANGUAGE_STANDARD = "gnu++0x";
				CLANG_CXX_LIBRARY = "libc++";
				CLANG_ENABLE_MODULES = YES;
				CLANG_ENABLE_OBJC_ARC = YES;
				CLANG_WARN_BOOL_CONVERSION = YES;
				CLANG_WARN_CONSTANT_CONVERSION = YES;
				CLANG_WARN_DIRECT_OBJC_ISA_USAGE = YES_ERROR;
				CLANG_WARN_EMPTY_BODY = YES;
				CLANG_WARN_ENUM_CONVERSION = YES;
				CLANG_WARN_INT_CONVERSION = YES;
				CLANG_WARN_OBJC_ROOT_CLASS = YES_ERROR;
				CLANG_WARN_UNREACHABLE_CODE = YES;
				CLANG_WARN__DUPLICATE_METHOD_MATCH = YES;
				"CODE_SIGN_IDENTITY[sdk=iphoneos*]" = "iPhone Developer";
				COPY_PHASE_STRIP = NO;
				DEBUG_INFORMATION_FORMAT = dwarf;
				ENABLE_STRICT_OBJC_MSGSEND = YES;
				ENABLE_TESTABILITY = YES;
				GCC_C_LANGUAGE_STANDARD = gnu99;
				GCC_DYNAMIC_NO_PIC = NO;
				GCC_NO_COMMON_BLOCKS = YES;
				GCC_OPTIMIZATION_LEVEL = 0;
				GCC_PREPROCESSOR_DEFINITIONS = (
					"DEBUG=1",
					"$(inherited)",
				);
				GCC_WARN_64_TO_32_BIT_CONVERSION = YES;
				GCC_WARN_ABOUT_RETURN_TYPE = YES_ERROR;
				GCC_WARN_UNDECLARED_SELECTOR = YES;
				GCC_WARN_UNINITIALIZED_AUTOS = YES_AGGRESSIVE;
				GCC_WARN_UNUSED_FUNCTION = YES;
				GCC_WARN_UNUSED_VARIABLE = YES;
				IPHONEOS_DEPLOYMENT_TARGET = 9.3;
				MTL_ENABLE_DEBUG_INFO = YES;
				ONLY_ACTIVE_ARCH = YES;
				SDKROOT = iphoneos;
				SWIFT_OPTIMIZATION_LEVEL = "-Onone";
				TARGETED_DEVICE_FAMILY = "1,2";
			};
			name = Debug;
		};
		97C84F171CC0EBC2000BFB2B /* Release */ = {
			isa = XCBuildConfiguration;
			buildSettings = {
				ALWAYS_SEARCH_USER_PATHS = NO;
				CLANG_ANALYZER_NONNULL = YES;
				CLANG_CXX_LANGUAGE_STANDARD = "gnu++0x";
				CLANG_CXX_LIBRARY = "libc++";
				CLANG_ENABLE_MODULES = YES;
				CLANG_ENABLE_OBJC_ARC = YES;
				CLANG_WARN_BOOL_CONVERSION = YES;
				CLANG_WARN_CONSTANT_CONVERSION = YES;
				CLANG_WARN_DIRECT_OBJC_ISA_USAGE = YES_ERROR;
				CLANG_WARN_EMPTY_BODY = YES;
				CLANG_WARN_ENUM_CONVERSION = YES;
				CLANG_WARN_INT_CONVERSION = YES;
				CLANG_WARN_OBJC_ROOT_CLASS = YES_ERROR;
				CLANG_WARN_UNREACHABLE_CODE = YES;
				CLANG_WARN__DUPLICATE_METHOD_MATCH = YES;
				"CODE_SIGN_IDENTITY[sdk=iphoneos*]" = "iPhone Developer";
				COPY_PHASE_STRIP = NO;
				DEBUG_INFORMATION_FORMAT = "dwarf-with-dsym";
				ENABLE_NS_ASSERTIONS = NO;
				ENABLE_STRICT_OBJC_MSGSEND = YES;
				GCC_C_LANGUAGE_STANDARD = gnu99;
				GCC_NO_COMMON_BLOCKS = YES;
				GCC_WARN_64_TO_32_BIT_CONVERSION = YES;
				GCC_WARN_ABOUT_RETURN_TYPE = YES_ERROR;
				GCC_WARN_UNDECLARED_SELECTOR = YES;
				GCC_WARN_UNINITIALIZED_AUTOS = YES_AGGRESSIVE;
				GCC_WARN_UNUSED_FUNCTION = YES;
				GCC_WARN_UNUSED_VARIABLE = YES;
				IPHONEOS_DEPLOYMENT_TARGET = 9.3;
				MTL_ENABLE_DEBUG_INFO = NO;
				SDKROOT = iphoneos;
				TARGETED_DEVICE_FAMILY = "1,2";
				VALIDATE_PRODUCT = YES;
			};
			name = Release;
		};
		97C84F191CC0EBC2000BFB2B /* Debug */ = {
			isa = XCBuildConfiguration;
			buildSettings = {
				ASSETCATALOG_COMPILER_APPICON_NAME = AppIcon;
				INFOPLIST_FILE = SwiftPracticeDemo/Info.plist;
				IPHONEOS_DEPLOYMENT_TARGET = 8.2;
				LD_RUNPATH_SEARCH_PATHS = "$(inherited) @executable_path/Frameworks";
				PRODUCT_BUNDLE_IDENTIFIER = AR.SwiftPracticeDemo;
				PRODUCT_NAME = "$(TARGET_NAME)";
			};
			name = Debug;
		};
		97C84F1A1CC0EBC2000BFB2B /* Release */ = {
			isa = XCBuildConfiguration;
			buildSettings = {
				ASSETCATALOG_COMPILER_APPICON_NAME = AppIcon;
				INFOPLIST_FILE = SwiftPracticeDemo/Info.plist;
				IPHONEOS_DEPLOYMENT_TARGET = 8.2;
				LD_RUNPATH_SEARCH_PATHS = "$(inherited) @executable_path/Frameworks";
				PRODUCT_BUNDLE_IDENTIFIER = AR.SwiftPracticeDemo;
				PRODUCT_NAME = "$(TARGET_NAME)";
			};
			name = Release;
		};
		97C84F1C1CC0EBC2000BFB2B /* Debug */ = {
			isa = XCBuildConfiguration;
			buildSettings = {
				BUNDLE_LOADER = "$(TEST_HOST)";
				INFOPLIST_FILE = SwiftPracticeDemoTests/Info.plist;
				LD_RUNPATH_SEARCH_PATHS = "$(inherited) @executable_path/Frameworks @loader_path/Frameworks";
				PRODUCT_BUNDLE_IDENTIFIER = AR.SwiftPracticeDemoTests;
				PRODUCT_NAME = "$(TARGET_NAME)";
				TEST_HOST = "$(BUILT_PRODUCTS_DIR)/SwiftPracticeDemo.app/SwiftPracticeDemo";
			};
			name = Debug;
		};
		97C84F1D1CC0EBC2000BFB2B /* Release */ = {
			isa = XCBuildConfiguration;
			buildSettings = {
				BUNDLE_LOADER = "$(TEST_HOST)";
				INFOPLIST_FILE = SwiftPracticeDemoTests/Info.plist;
				LD_RUNPATH_SEARCH_PATHS = "$(inherited) @executable_path/Frameworks @loader_path/Frameworks";
				PRODUCT_BUNDLE_IDENTIFIER = AR.SwiftPracticeDemoTests;
				PRODUCT_NAME = "$(TARGET_NAME)";
				TEST_HOST = "$(BUILT_PRODUCTS_DIR)/SwiftPracticeDemo.app/SwiftPracticeDemo";
			};
			name = Release;
		};
		97C84F1F1CC0EBC2000BFB2B /* Debug */ = {
			isa = XCBuildConfiguration;
			buildSettings = {
				INFOPLIST_FILE = SwiftPracticeDemoUITests/Info.plist;
				LD_RUNPATH_SEARCH_PATHS = "$(inherited) @executable_path/Frameworks @loader_path/Frameworks";
				PRODUCT_BUNDLE_IDENTIFIER = AR.SwiftPracticeDemoUITests;
				PRODUCT_NAME = "$(TARGET_NAME)";
				TEST_TARGET_NAME = SwiftPracticeDemo;
			};
			name = Debug;
		};
		97C84F201CC0EBC2000BFB2B /* Release */ = {
			isa = XCBuildConfiguration;
			buildSettings = {
				INFOPLIST_FILE = SwiftPracticeDemoUITests/Info.plist;
				LD_RUNPATH_SEARCH_PATHS = "$(inherited) @executable_path/Frameworks @loader_path/Frameworks";
				PRODUCT_BUNDLE_IDENTIFIER = AR.SwiftPracticeDemoUITests;
				PRODUCT_NAME = "$(TARGET_NAME)";
				TEST_TARGET_NAME = SwiftPracticeDemo;
			};
			name = Release;
		};
/* End XCBuildConfiguration section */

/* Begin XCConfigurationList section */
		97C84EEB1CC0EBC2000BFB2B /* Build configuration list for PBXProject "SwiftPracticeDemo" */ = {
			isa = XCConfigurationList;
			buildConfigurations = (
				97C84F161CC0EBC2000BFB2B /* Debug */,
				97C84F171CC0EBC2000BFB2B /* Release */,
			);
			defaultConfigurationIsVisible = 0;
			defaultConfigurationName = Release;
		};
		97C84F181CC0EBC2000BFB2B /* Build configuration list for PBXNativeTarget "SwiftPracticeDemo" */ = {
			isa = XCConfigurationList;
			buildConfigurations = (
				97C84F191CC0EBC2000BFB2B /* Debug */,
				97C84F1A1CC0EBC2000BFB2B /* Release */,
			);
			defaultConfigurationIsVisible = 0;
			defaultConfigurationName = Release;
		};
		97C84F1B1CC0EBC2000BFB2B /* Build configuration list for PBXNativeTarget "SwiftPracticeDemoTests" */ = {
			isa = XCConfigurationList;
			buildConfigurations = (
				97C84F1C1CC0EBC2000BFB2B /* Debug */,
				97C84F1D1CC0EBC2000BFB2B /* Release */,
			);
			defaultConfigurationIsVisible = 0;
			defaultConfigurationName = Release;
		};
		97C84F1E1CC0EBC2000BFB2B /* Build configuration list for PBXNativeTarget "SwiftPracticeDemoUITests" */ = {
			isa = XCConfigurationList;
			buildConfigurations = (
				97C84F1F1CC0EBC2000BFB2B /* Debug */,
				97C84F201CC0EBC2000BFB2B /* Release */,
			);
			defaultConfigurationIsVisible = 0;
			defaultConfigurationName = Release;
		};
/* End XCConfigurationList section */
	};
	rootObject = 97C84EE81CC0EBC2000BFB2B /* Project object */;
}
